Microsoft Visual Studio Solution File, Format Version 12.00
# Visual Studio Version 17
VisualStudioVersion = 17.0.31611.283
MinimumVisualStudioVersion = 10.0.40219.1
Project("{9A19103F-16F7-4668-BE54-9A1E7A4F7556}") = "Kanakku.UI", "Kanakku.UI\Kanakku.UI.csproj", "{1516CAD5-8940-40F1-8202-69E537C3FE8C}"
EndProject
Project("{9A19103F-16F7-4668-BE54-9A1E7A4F7556}") = "Kanakku.Shared", "Kanakku.Shared\Kanakku.Shared.csproj", "{3DF7C0D6-78DE-4CB3-9925-12E90105D002}"
EndProject
Project("{9A19103F-16F7-4668-BE54-9A1E7A4F7556}") = "Kanakku.Infrastructure", "Kanakku.Infrastructure\Kanakku.Infrastructure.csproj", "{850A20BF-159C-4871-A48C-05CBE787192F}"
EndProject
Project("{9A19103F-16F7-4668-BE54-9A1E7A4F7556}") = "Kanakku.Application", "Kanakku.Application\Kanakku.Application.csproj", "{EB3DAE71-9C88-4301-86B3-97964E78B93A}"
EndProject
Project("{9A19103F-16F7-4668-BE54-9A1E7A4F7556}") = "Kanakku.Domain", "Kanakku.Domain\Kanakku.Domain.csproj", "{87C788AE-162A-4793-A9ED-F1CAF237BF2C}"
EndProject
Project("{9A19103F-16F7-4668-BE54-9A1E7A4F7556}") = "Kanakku.StaticApi", "Kanakku.StaticApi\Kanakku.StaticApi.csproj", "{37CDB8FC-BEBB-45A0-855C-8CC893A7F9C9}"
EndProject
Global
	GlobalSection(SolutionConfigurationPlatforms) = preSolution
		Debug|Any CPU = Debug|Any CPU
		Release|Any CPU = Release|Any CPU
	EndGlobalSection
	GlobalSection(ProjectConfigurationPlatforms) = postSolution
		{1516CAD5-8940-40F1-8202-69E537C3FE8C}.Debug|Any CPU.ActiveCfg = Debug|Any CPU
		{1516CAD5-8940-40F1-8202-69E537C3FE8C}.Debug|Any CPU.Build.0 = Debug|Any CPU
		{1516CAD5-8940-40F1-8202-69E537C3FE8C}.Debug|Any CPU.Deploy.0 = Debug|Any CPU
		{1516CAD5-8940-40F1-8202-69E537C3FE8C}.Release|Any CPU.ActiveCfg = Release|Any CPU
		{1516CAD5-8940-40F1-8202-69E537C3FE8C}.Release|Any CPU.Build.0 = Release|Any CPU
		{1516CAD5-8940-40F1-8202-69E537C3FE8C}.Release|Any CPU.Deploy.0 = Release|Any CPU
		{3DF7C0D6-78DE-4CB3-9925-12E90105D002}.Debug|Any CPU.ActiveCfg = Debug|Any CPU
		{3DF7C0D6-78DE-4CB3-9925-12E90105D002}.Debug|Any CPU.Build.0 = Debug|Any CPU
		{3DF7C0D6-78DE-4CB3-9925-12E90105D002}.Release|Any CPU.ActiveCfg = Release|Any CPU
		{3DF7C0D6-78DE-4CB3-9925-12E90105D002}.Release|Any CPU.Build.0 = Release|Any CPU
		{850A20BF-159C-4871-A48C-05CBE787192F}.Debug|Any CPU.ActiveCfg = Debug|Any CPU
		{850A20BF-159C-4871-A48C-05CBE787192F}.Debug|Any CPU.Build.0 = Debug|Any CPU
		{850A20BF-159C-4871-A48C-05CBE787192F}.Release|Any CPU.ActiveCfg = Release|Any CPU
		{850A20BF-159C-4871-A48C-05CBE787192F}.Release|Any CPU.Build.0 = Release|Any CPU
		{EB3DAE71-9C88-4301-86B3-97964E78B93A}.Debug|Any CPU.ActiveCfg = Debug|Any CPU
		{EB3DAE71-9C88-4301-86B3-97964E78B93A}.Debug|Any CPU.Build.0 = Debug|Any CPU
		{EB3DAE71-9C88-4301-86B3-97964E78B93A}.Release|Any CPU.ActiveCfg = Release|Any CPU
		{EB3DAE71-9C88-4301-86B3-97964E78B93A}.Release|Any CPU.Build.0 = Release|Any CPU
		{87C788AE-162A-4793-A9ED-F1CAF237BF2C}.Debug|Any CPU.ActiveCfg = Debug|Any CPU
		{87C788AE-162A-4793-A9ED-F1CAF237BF2C}.Debug|Any CPU.Build.0 = Debug|Any CPU
		{87C788AE-162A-4793-A9ED-F1CAF237BF2C}.Release|Any CPU.ActiveCfg = Release|Any CPU
		{87C788AE-162A-4793-A9ED-F1CAF237BF2C}.Release|Any CPU.Build.0 = Release|Any CPU
		{37CDB8FC-BEBB-45A0-855C-8CC893A7F9C9}.Debug|Any CPU.ActiveCfg = Debug|Any CPU
		{37CDB8FC-BEBB-45A0-855C-8CC893A7F9C9}.Debug|Any CPU.Build.0 = Debug|Any CPU
		{37CDB8FC-BEBB-45A0-855C-8CC893A7F9C9}.Release|Any CPU.ActiveCfg = Release|Any CPU
		{37CDB8FC-BEBB-45A0-855C-8CC893A7F9C9}.Release|Any CPU.Build.0 = Release|Any CPU
	EndGlobalSection
	GlobalSection(SolutionProperties) = preSolution
		HideSolutionNode = FALSE
	EndGlobalSection
	GlobalSection(ExtensibilityGlobals) = postSolution
		SolutionGuid = {61F7FB11-1E47-470C-91E2-47F8143E1572}
	EndGlobalSection
EndGlobal
